// !$*UTF8*$!
{
	archiveVersion = 1;
	classes = {
	};
	objectVersion = 52;
	objects = {

/* Begin PBXBuildFile section */
		07197D062542F22500319739 /* ReplicatingTypes in Frameworks */ = {isa = PBXBuildFile; productRef = 07197D052542F22500319739 /* ReplicatingTypes */; };
		073BA10A24784AEA006A4EC1 /* General.swift in Sources */ = {isa = PBXBuildFile; fileRef = 073BA10924784AEA006A4EC1 /* General.swift */; };
		073BA14A247EDE1D006A4EC1 /* RadioButtonViews.swift in Sources */ = {isa = PBXBuildFile; fileRef = 073BA149247EDE1D006A4EC1 /* RadioButtonViews.swift */; };
		077BF00D245F3C8400012301 /* Note.swift in Sources */ = {isa = PBXBuildFile; fileRef = 077BF00C245F3C8400012301 /* Note.swift */; };
		077BF00F245F406200012301 /* DataStore.swift in Sources */ = {isa = PBXBuildFile; fileRef = 077BF00E245F406200012301 /* DataStore.swift */; };
		077BF011245F42C600012301 /* NoteBook.swift in Sources */ = {isa = PBXBuildFile; fileRef = 077BF010245F42C600012301 /* NoteBook.swift */; };
		077BF0132461DA0800012301 /* CloudStore.swift in Sources */ = {isa = PBXBuildFile; fileRef = 077BF0122461DA0800012301 /* CloudStore.swift */; };
		077BF0172461DADA00012301 /* CloudKit.framework in Frameworks */ = {isa = PBXBuildFile; fileRef = 077BF0162461DADA00012301 /* CloudKit.framework */; };
		077BF0192461E1C000012301 /* NoteListView.swift in Sources */ = {isa = PBXBuildFile; fileRef = 077BF0182461E1C000012301 /* NoteListView.swift */; };
		077BF01B2461E1E500012301 /* NoteView.swift in Sources */ = {isa = PBXBuildFile; fileRef = 077BF01A2461E1E500012301 /* NoteView.swift */; };
		07C3CAFD245ECC60008D9E16 /* AppDelegate.swift in Sources */ = {isa = PBXBuildFile; fileRef = 07C3CAFC245ECC60008D9E16 /* AppDelegate.swift */; };
		07C3CAFF245ECC60008D9E16 /* SceneDelegate.swift in Sources */ = {isa = PBXBuildFile; fileRef = 07C3CAFE245ECC60008D9E16 /* SceneDelegate.swift */; };
		07C3CB01245ECC60008D9E16 /* ContentView.swift in Sources */ = {isa = PBXBuildFile; fileRef = 07C3CB00245ECC60008D9E16 /* ContentView.swift */; };
		07C3CB03245ECC63008D9E16 /* Assets.xcassets in Resources */ = {isa = PBXBuildFile; fileRef = 07C3CB02245ECC63008D9E16 /* Assets.xcassets */; };
		07C3CB06245ECC63008D9E16 /* Preview Assets.xcassets in Resources */ = {isa = PBXBuildFile; fileRef = 07C3CB05245ECC63008D9E16 /* Preview Assets.xcassets */; };
		07C3CB09245ECC63008D9E16 /* LaunchScreen.storyboard in Resources */ = {isa = PBXBuildFile; fileRef = 07C3CB07245ECC63008D9E16 /* LaunchScreen.storyboard */; };
		07C3CB14245ECDC0008D9E16 /* ReplicableTextView.swift in Sources */ = {isa = PBXBuildFile; fileRef = 07C3CB13245ECDC0008D9E16 /* ReplicableTextView.swift */; };
		07C718AE24856F6800DD3F83 /* IconViews.swift in Sources */ = {isa = PBXBuildFile; fileRef = 07C718AD24856F6800DD3F83 /* IconViews.swift */; };
/* End PBXBuildFile section */

/* Begin PBXFileReference section */
		07197BA92542F1BC00319739 /* replicatingtypes */ = {isa = PBXFileReference; lastKnownFileType = folder; name = replicatingtypes; path = ../..; sourceTree = "<group>"; };
		073BA10924784AEA006A4EC1 /* General.swift */ = {isa = PBXFileReference; lastKnownFileType = sourcecode.swift; path = General.swift; sourceTree = "<group>"; };
		073BA149247EDE1D006A4EC1 /* RadioButtonViews.swift */ = {isa = PBXFileReference; lastKnownFileType = sourcecode.swift; path = RadioButtonViews.swift; sourceTree = "<group>"; };
		077BF00C245F3C8400012301 /* Note.swift */ = {isa = PBXFileReference; lastKnownFileType = sourcecode.swift; path = Note.swift; sourceTree = "<group>"; };
		077BF00E245F406200012301 /* DataStore.swift */ = {isa = PBXFileReference; lastKnownFileType = sourcecode.swift; path = DataStore.swift; sourceTree = "<group>"; };
		077BF010245F42C600012301 /* NoteBook.swift */ = {isa = PBXFileReference; lastKnownFileType = sourcecode.swift; path = NoteBook.swift; sourceTree = "<group>"; };
		077BF0122461DA0800012301 /* CloudStore.swift */ = {isa = PBXFileReference; lastKnownFileType = sourcecode.swift; path = CloudStore.swift; sourceTree = "<group>"; };
		077BF0142461DAD700012301 /* Decent Notes.entitlements */ = {isa = PBXFileReference; lastKnownFileType = text.plist.entitlements; path = "Decent Notes.entitlements"; sourceTree = "<group>"; };
		077BF0162461DADA00012301 /* CloudKit.framework */ = {isa = PBXFileReference; lastKnownFileType = wrapper.framework; name = CloudKit.framework; path = System/Library/Frameworks/CloudKit.framework; sourceTree = SDKROOT; };
		077BF0182461E1C000012301 /* NoteListView.swift */ = {isa = PBXFileReference; lastKnownFileType = sourcecode.swift; path = NoteListView.swift; sourceTree = "<group>"; };
		077BF01A2461E1E500012301 /* NoteView.swift */ = {isa = PBXFileReference; lastKnownFileType = sourcecode.swift; path = NoteView.swift; sourceTree = "<group>"; };
		07C3CAF9245ECC60008D9E16 /* Decent Notes.app */ = {isa = PBXFileReference; explicitFileType = wrapper.application; includeInIndex = 0; path = "Decent Notes.app"; sourceTree = BUILT_PRODUCTS_DIR; };
		07C3CAFC245ECC60008D9E16 /* AppDelegate.swift */ = {isa = PBXFileReference; lastKnownFileType = sourcecode.swift; path = AppDelegate.swift; sourceTree = "<group>"; };
		07C3CAFE245ECC60008D9E16 /* SceneDelegate.swift */ = {isa = PBXFileReference; lastKnownFileType = sourcecode.swift; path = SceneDelegate.swift; sourceTree = "<group>"; };
		07C3CB00245ECC60008D9E16 /* ContentView.swift */ = {isa = PBXFileReference; lastKnownFileType = sourcecode.swift; path = ContentView.swift; sourceTree = "<group>"; };
		07C3CB02245ECC63008D9E16 /* Assets.xcassets */ = {isa = PBXFileReference; lastKnownFileType = folder.assetcatalog; path = Assets.xcassets; sourceTree = "<group>"; };
		07C3CB05245ECC63008D9E16 /* Preview Assets.xcassets */ = {isa = PBXFileReference; lastKnownFileType = folder.assetcatalog; path = "Preview Assets.xcassets"; sourceTree = "<group>"; };
		07C3CB08245ECC63008D9E16 /* Base */ = {isa = PBXFileReference; lastKnownFileType = file.storyboard; name = Base; path = Base.lproj/LaunchScreen.storyboard; sourceTree = "<group>"; };
		07C3CB0A245ECC63008D9E16 /* Info.plist */ = {isa = PBXFileReference; lastKnownFileType = text.plist.xml; path = Info.plist; sourceTree = "<group>"; };
		07C3CB13245ECDC0008D9E16 /* ReplicableTextView.swift */ = {isa = PBXFileReference; fileEncoding = 4; lastKnownFileType = sourcecode.swift; path = ReplicableTextView.swift; sourceTree = "<group>"; };
		07C718AD24856F6800DD3F83 /* IconViews.swift */ = {isa = PBXFileReference; lastKnownFileType = sourcecode.swift; path = IconViews.swift; sourceTree = "<group>"; };
/* End PBXFileReference section */

/* Begin PBXFrameworksBuildPhase section */
		07C3CAF6245ECC60008D9E16 /* Frameworks */ = {
			isa = PBXFrameworksBuildPhase;
			buildActionMask = 2147483647;
			files = (
				077BF0172461DADA00012301 /* CloudKit.framework in Frameworks */,
				07197D062542F22500319739 /* ReplicatingTypes in Frameworks */,
			);
			runOnlyForDeploymentPostprocessing = 0;
		};
/* End PBXFrameworksBuildPhase section */

/* Begin PBXGroup section */
		072FF4C62542F41E00E5945E /* Views */ = {
			isa = PBXGroup;
			children = (
				07C3CB00245ECC60008D9E16 /* ContentView.swift */,
				077BF0182461E1C000012301 /* NoteListView.swift */,
				077BF01A2461E1E500012301 /* NoteView.swift */,
				07C718AD24856F6800DD3F83 /* IconViews.swift */,
				073BA149247EDE1D006A4EC1 /* RadioButtonViews.swift */,
				07C3CB13245ECDC0008D9E16 /* ReplicableTextView.swift */,
			);
			name = Views;
			sourceTree = "<group>";
		};
		072FF4C82542F42B00E5945E /* Model */ = {
			isa = PBXGroup;
			children = (
				077BF00E245F406200012301 /* DataStore.swift */,
				077BF010245F42C600012301 /* NoteBook.swift */,
				077BF00C245F3C8400012301 /* Note.swift */,
			);
			name = Model;
			sourceTree = "<group>";
		};
		077BF0152461DADA00012301 /* Frameworks */ = {
			isa = PBXGroup;
			children = (
				077BF0162461DADA00012301 /* CloudKit.framework */,
			);
			name = Frameworks;
			sourceTree = "<group>";
		};
		07C3CAF0245ECC60008D9E16 = {
			isa = PBXGroup;
			children = (
				07197BA92542F1BC00319739 /* replicatingtypes */,
				07C3CAFB245ECC60008D9E16 /* Decent Notes */,
				07C3CAFA245ECC60008D9E16 /* Products */,
				077BF0152461DADA00012301 /* Frameworks */,
			);
			sourceTree = "<group>";
		};
		07C3CAFA245ECC60008D9E16 /* Products */ = {
			isa = PBXGroup;
			children = (
				07C3CAF9245ECC60008D9E16 /* Decent Notes.app */,
			);
			name = Products;
			sourceTree = "<group>";
		};
		07C3CAFB245ECC60008D9E16 /* Decent Notes */ = {
			isa = PBXGroup;
			children = (
				073BA10924784AEA006A4EC1 /* General.swift */,
				07C3CAFC245ECC60008D9E16 /* AppDelegate.swift */,
				07C3CAFE245ECC60008D9E16 /* SceneDelegate.swift */,
				077BF0122461DA0800012301 /* CloudStore.swift */,
				072FF4C82542F42B00E5945E /* Model */,
				072FF4C62542F41E00E5945E /* Views */,
				077BF0142461DAD700012301 /* Decent Notes.entitlements */,
				07C3CB02245ECC63008D9E16 /* Assets.xcassets */,
				07C3CB07245ECC63008D9E16 /* LaunchScreen.storyboard */,
				07C3CB0A245ECC63008D9E16 /* Info.plist */,
				07C3CB04245ECC63008D9E16 /* Preview Content */,
			);
			path = "Decent Notes";
			sourceTree = "<group>";
		};
		07C3CB04245ECC63008D9E16 /* Preview Content */ = {
			isa = PBXGroup;
			children = (
				07C3CB05245ECC63008D9E16 /* Preview Assets.xcassets */,
			);
			path = "Preview Content";
			sourceTree = "<group>";
		};
/* End PBXGroup section */

/* Begin PBXNativeTarget section */
		07C3CAF8245ECC60008D9E16 /* Decent Notes */ = {
			isa = PBXNativeTarget;
			buildConfigurationList = 07C3CB0D245ECC63008D9E16 /* Build configuration list for PBXNativeTarget "Decent Notes" */;
			buildPhases = (
				07C3CAF5245ECC60008D9E16 /* Sources */,
				07C3CAF6245ECC60008D9E16 /* Frameworks */,
				07C3CAF7245ECC60008D9E16 /* Resources */,
			);
			buildRules = (
			);
			dependencies = (
			);
			name = "Decent Notes";
			packageProductDependencies = (
				07197D052542F22500319739 /* ReplicatingTypes */,
			);
			productName = "Decent Notes";
			productReference = 07C3CAF9245ECC60008D9E16 /* Decent Notes.app */;
			productType = "com.apple.product-type.application";
		};
/* End PBXNativeTarget section */

/* Begin PBXProject section */
		07C3CAF1245ECC60008D9E16 /* Project object */ = {
			isa = PBXProject;
			attributes = {
				LastSwiftUpdateCheck = 1130;
				LastUpgradeCheck = 1210;
				ORGANIZATIONNAME = "Momenta B.V.";
				TargetAttributes = {
					07C3CAF8245ECC60008D9E16 = {
						CreatedOnToolsVersion = 11.3.1;
					};
				};
			};
			buildConfigurationList = 07C3CAF4245ECC60008D9E16 /* Build configuration list for PBXProject "Decent Notes" */;
			compatibilityVersion = "Xcode 9.3";
			developmentRegion = en;
			hasScannedForEncodings = 0;
			knownRegions = (
				en,
				Base,
			);
			mainGroup = 07C3CAF0245ECC60008D9E16;
			packageReferences = (
			);
			productRefGroup = 07C3CAFA245ECC60008D9E16 /* Products */;
			projectDirPath = "";
			projectRoot = "";
			targets = (
				07C3CAF8245ECC60008D9E16 /* Decent Notes */,
			);
		};
/* End PBXProject section */

/* Begin PBXResourcesBuildPhase section */
		07C3CAF7245ECC60008D9E16 /* Resources */ = {
			isa = PBXResourcesBuildPhase;
			buildActionMask = 2147483647;
			files = (
				07C3CB09245ECC63008D9E16 /* LaunchScreen.storyboard in Resources */,
				07C3CB06245ECC63008D9E16 /* Preview Assets.xcassets in Resources */,
				07C3CB03245ECC63008D9E16 /* Assets.xcassets in Resources */,
			);
			runOnlyForDeploymentPostprocessing = 0;
		};
/* End PBXResourcesBuildPhase section */

/* Begin PBXSourcesBuildPhase section */
		07C3CAF5245ECC60008D9E16 /* Sources */ = {
			isa = PBXSourcesBuildPhase;
			buildActionMask = 2147483647;
			files = (
				077BF00D245F3C8400012301 /* Note.swift in Sources */,
				073BA14A247EDE1D006A4EC1 /* RadioButtonViews.swift in Sources */,
				073BA10A24784AEA006A4EC1 /* General.swift in Sources */,
				077BF00F245F406200012301 /* DataStore.swift in Sources */,
				077BF0192461E1C000012301 /* NoteListView.swift in Sources */,
				07C3CAFD245ECC60008D9E16 /* AppDelegate.swift in Sources */,
				07C3CB14245ECDC0008D9E16 /* ReplicableTextView.swift in Sources */,
				07C3CAFF245ECC60008D9E16 /* SceneDelegate.swift in Sources */,
				07C718AE24856F6800DD3F83 /* IconViews.swift in Sources */,
				077BF01B2461E1E500012301 /* NoteView.swift in Sources */,
				077BF011245F42C600012301 /* NoteBook.swift in Sources */,
				07C3CB01245ECC60008D9E16 /* ContentView.swift in Sources */,
				077BF0132461DA0800012301 /* CloudStore.swift in Sources */,
			);
			runOnlyForDeploymentPostprocessing = 0;
		};
/* End PBXSourcesBuildPhase section */

/* Begin PBXVariantGroup section */
		07C3CB07245ECC63008D9E16 /* LaunchScreen.storyboard */ = {
			isa = PBXVariantGroup;
			children = (
				07C3CB08245ECC63008D9E16 /* Base */,
			);
			name = LaunchScreen.storyboard;
			sourceTree = "<group>";
		};
/* End PBXVariantGroup section */

/* Begin XCBuildConfiguration section */
		07C3CB0B245ECC63008D9E16 /* Debug */ = {
			isa = XCBuildConfiguration;
			buildSettings = {
				ALWAYS_SEARCH_USER_PATHS = NO;
				ASSETCATALOG_WARNINGS = NO;
				CLANG_ANALYZER_NONNULL = YES;
				CLANG_ANALYZER_NUMBER_OBJECT_CONVERSION = YES_AGGRESSIVE;
				CLANG_CXX_LANGUAGE_STANDARD = "gnu++14";
				CLANG_CXX_LIBRARY = "libc++";
				CLANG_ENABLE_MODULES = YES;
				CLANG_ENABLE_OBJC_ARC = YES;
				CLANG_ENABLE_OBJC_WEAK = YES;
				CLANG_WARN_BLOCK_CAPTURE_AUTORELEASING = YES;
				CLANG_WARN_BOOL_CONVERSION = YES;
				CLANG_WARN_COMMA = YES;
				CLANG_WARN_CONSTANT_CONVERSION = YES;
				CLANG_WARN_DEPRECATED_OBJC_IMPLEMENTATIONS = YES;
				CLANG_WARN_DIRECT_OBJC_ISA_USAGE = YES_ERROR;
				CLANG_WARN_DOCUMENTATION_COMMENTS = YES;
				CLANG_WARN_EMPTY_BODY = YES;
				CLANG_WARN_ENUM_CONVERSION = YES;
				CLANG_WARN_INFINITE_RECURSION = YES;
				CLANG_WARN_INT_CONVERSION = YES;
				CLANG_WARN_NON_LITERAL_NULL_CONVERSION = YES;
				CLANG_WARN_OBJC_IMPLICIT_RETAIN_SELF = YES;
				CLANG_WARN_OBJC_LITERAL_CONVERSION = YES;
				CLANG_WARN_OBJC_ROOT_CLASS = YES_ERROR;
				CLANG_WARN_QUOTED_INCLUDE_IN_FRAMEWORK_HEADER = YES;
				CLANG_WARN_RANGE_LOOP_ANALYSIS = YES;
				CLANG_WARN_STRICT_PROTOTYPES = YES;
				CLANG_WARN_SUSPICIOUS_MOVE = YES;
				CLANG_WARN_UNGUARDED_AVAILABILITY = YES_AGGRESSIVE;
				CLANG_WARN_UNREACHABLE_CODE = YES;
				CLANG_WARN__DUPLICATE_METHOD_MATCH = YES;
				COPY_PHASE_STRIP = NO;
				DEBUG_INFORMATION_FORMAT = dwarf;
				ENABLE_STRICT_OBJC_MSGSEND = YES;
				ENABLE_TESTABILITY = YES;
				GCC_C_LANGUAGE_STANDARD = gnu11;
				GCC_DYNAMIC_NO_PIC = NO;
				GCC_NO_COMMON_BLOCKS = YES;
				GCC_OPTIMIZATION_LEVEL = 0;
				GCC_PREPROCESSOR_DEFINITIONS = (
					"DEBUG=1",
					"$(inherited)",
				);
				GCC_WARN_64_TO_32_BIT_CONVERSION = YES;
				GCC_WARN_ABOUT_RETURN_TYPE = YES_ERROR;
				GCC_WARN_UNDECLARED_SELECTOR = YES;
				GCC_WARN_UNINITIALIZED_AUTOS = YES_AGGRESSIVE;
				GCC_WARN_UNUSED_FUNCTION = YES;
				GCC_WARN_UNUSED_VARIABLE = YES;
				IPHONEOS_DEPLOYMENT_TARGET = 13.2;
				MTL_ENABLE_DEBUG_INFO = INCLUDE_SOURCE;
				MTL_FAST_MATH = YES;
				ONLY_ACTIVE_ARCH = YES;
				SDKROOT = iphoneos;
				SWIFT_ACTIVE_COMPILATION_CONDITIONS = DEBUG;
				SWIFT_OPTIMIZATION_LEVEL = "-Onone";
			};
			name = Debug;
		};
		07C3CB0C245ECC63008D9E16 /* Release */ = {
			isa = XCBuildConfiguration;
			buildSettings = {
				ALWAYS_SEARCH_USER_PATHS = NO;
				ASSETCATALOG_WARNINGS = NO;
				CLANG_ANALYZER_NONNULL = YES;
				CLANG_ANALYZER_NUMBER_OBJECT_CONVERSION = YES_AGGRESSIVE;
				CLANG_CXX_LANGUAGE_STANDARD = "gnu++14";
				CLANG_CXX_LIBRARY = "libc++";
				CLANG_ENABLE_MODULES = YES;
				CLANG_ENABLE_OBJC_ARC = YES;
				CLANG_ENABLE_OBJC_WEAK = YES;
				CLANG_WARN_BLOCK_CAPTURE_AUTORELEASING = YES;
				CLANG_WARN_BOOL_CONVERSION = YES;
				CLANG_WARN_COMMA = YES;
				CLANG_WARN_CONSTANT_CONVERSION = YES;
				CLANG_WARN_DEPRECATED_OBJC_IMPLEMENTATIONS = YES;
				CLANG_WARN_DIRECT_OBJC_ISA_USAGE = YES_ERROR;
				CLANG_WARN_DOCUMENTATION_COMMENTS = YES;
				CLANG_WARN_EMPTY_BODY = YES;
				CLANG_WARN_ENUM_CONVERSION = YES;
				CLANG_WARN_INFINITE_RECURSION = YES;
				CLANG_WARN_INT_CONVERSION = YES;
				CLANG_WARN_NON_LITERAL_NULL_CONVERSION = YES;
				CLANG_WARN_OBJC_IMPLICIT_RETAIN_SELF = YES;
				CLANG_WARN_OBJC_LITERAL_CONVERSION = YES;
				CLANG_WARN_OBJC_ROOT_CLASS = YES_ERROR;
				CLANG_WARN_QUOTED_INCLUDE_IN_FRAMEWORK_HEADER = YES;
				CLANG_WARN_RANGE_LOOP_ANALYSIS = YES;
				CLANG_WARN_STRICT_PROTOTYPES = YES;
				CLANG_WARN_SUSPICIOUS_MOVE = YES;
				CLANG_WARN_UNGUARDED_AVAILABILITY = YES_AGGRESSIVE;
				CLANG_WARN_UNREACHABLE_CODE = YES;
				CLANG_WARN__DUPLICATE_METHOD_MATCH = YES;
				COPY_PHASE_STRIP = NO;
				DEBUG_INFORMATION_FORMAT = "dwarf-with-dsym";
				ENABLE_NS_ASSERTIONS = NO;
				ENABLE_STRICT_OBJC_MSGSEND = YES;
				GCC_C_LANGUAGE_STANDARD = gnu11;
				GCC_NO_COMMON_BLOCKS = YES;
				GCC_WARN_64_TO_32_BIT_CONVERSION = YES;
				GCC_WARN_ABOUT_RETURN_TYPE = YES_ERROR;
				GCC_WARN_UNDECLARED_SELECTOR = YES;
				GCC_WARN_UNINITIALIZED_AUTOS = YES_AGGRESSIVE;
				GCC_WARN_UNUSED_FUNCTION = YES;
				GCC_WARN_UNUSED_VARIABLE = YES;
				IPHONEOS_DEPLOYMENT_TARGET = 13.2;
				MTL_ENABLE_DEBUG_INFO = NO;
				MTL_FAST_MATH = YES;
				SDKROOT = iphoneos;
				SWIFT_COMPILATION_MODE = wholemodule;
				SWIFT_OPTIMIZATION_LEVEL = "-O";
				VALIDATE_PRODUCT = YES;
			};
			name = Release;
		};
		07C3CB0E245ECC63008D9E16 /* Debug */ = {
			isa = XCBuildConfiguration;
			buildSettings = {
				ASSETCATALOG_COMPILER_APPICON_NAME = AppIcon;
				CODE_SIGN_ENTITLEMENTS = "Decent Notes/Decent Notes.entitlements";
				CODE_SIGN_STYLE = Automatic;
				DEVELOPMENT_ASSET_PATHS = "\"Decent Notes/Preview Content\"";
				DEVELOPMENT_TEAM = P7BXV6PHLD;
				ENABLE_PREVIEWS = YES;
				INFOPLIST_FILE = "Decent Notes/Info.plist";
				LD_RUNPATH_SEARCH_PATHS = (
					"$(inherited)",
					"@executable_path/Frameworks",
				);
				PRODUCT_BUNDLE_IDENTIFIER = com.mentalfaculty.decentnotes;
				PRODUCT_NAME = "$(TARGET_NAME)";
				SWIFT_VERSION = 5.0;
				TARGETED_DEVICE_FAMILY = "1,2";
			};
			name = Debug;
		};
		07C3CB0F245ECC63008D9E16 /* Release */ = {
			isa = XCBuildConfiguration;
			buildSettings = {
				ASSETCATALOG_COMPILER_APPICON_NAME = AppIcon;
				CODE_SIGN_ENTITLEMENTS = "Decent Notes/Decent Notes.entitlements";
				CODE_SIGN_STYLE = Automatic;
				DEVELOPMENT_ASSET_PATHS = "\"Decent Notes/Preview Content\"";
				DEVELOPMENT_TEAM = P7BXV6PHLD;
				ENABLE_PREVIEWS = YES;
				INFOPLIST_FILE = "Decent Notes/Info.plist";
				LD_RUNPATH_SEARCH_PATHS = (
					"$(inherited)",
					"@executable_path/Frameworks",
				);
				PRODUCT_BUNDLE_IDENTIFIER = com.mentalfaculty.decentnotes;
				PRODUCT_NAME = "$(TARGET_NAME)";
				SWIFT_VERSION = 5.0;
				TARGETED_DEVICE_FAMILY = "1,2";
			};
			name = Release;
		};
/* End XCBuildConfiguration section */

/* Begin XCConfigurationList section */
		07C3CAF4245ECC60008D9E16 /* Build configuration list for PBXProject "Decent Notes" */ = {
			isa = XCConfigurationList;
			buildConfigurations = (
				07C3CB0B245ECC63008D9E16 /* Debug */,
				07C3CB0C245ECC63008D9E16 /* Release */,
			);
			defaultConfigurationIsVisible = 0;
			defaultConfigurationName = Release;
		};
		07C3CB0D245ECC63008D9E16 /* Build configuration list for PBXNativeTarget "Decent Notes" */ = {
			isa = XCConfigurationList;
			buildConfigurations = (
				07C3CB0E245ECC63008D9E16 /* Debug */,
				07C3CB0F245ECC63008D9E16 /* Release */,
			);
			defaultConfigurationIsVisible = 0;
			defaultConfigurationName = Release;
		};
/* End XCConfigurationList section */

/* Begin XCSwiftPackageProductDependency section */
		07197D052542F22500319739 /* ReplicatingTypes */ = {
			isa = XCSwiftPackageProductDependency;
			productName = ReplicatingTypes;
		};
/* End XCSwiftPackageProductDependency section */
	};
	rootObject = 07C3CAF1245ECC60008D9E16 /* Project object */;
}
